
Microsoft Visual Studio Solution File, Format Version 12.00
# Visual Studio Version 17
VisualStudioVersion = 17.4.33110.190
MinimumVisualStudioVersion = 10.0.40219.1
Project("{FAE04EC0-301F-11D3-BF4B-00C04F79EFBC}") = "veri tabanı veri kaydetme", "veri tabanı veri kaydetme\veri tabanı veri kaydetme.csproj", "{FE66B43F-8C9E-43D9-894D-0F771167E4E3}"
EndProject
Global
	GlobalSection(SolutionConfigurationPlatforms) = preSolution
		Debug|Any CPU = Debug|Any CPU
		Release|Any CPU = Release|Any CPU
	EndGlobalSection
	GlobalSection(ProjectConfigurationPlatforms) = postSolution
		{FE66B43F-8C9E-43D9-894D-0F771167E4E3}.Debug|Any CPU.ActiveCfg = Debug|Any CPU
		{FE66B43F-8C9E-43D9-894D-0F771167E4E3}.Debug|Any CPU.Build.0 = Debug|Any CPU
		{FE66B43F-8C9E-43D9-894D-0F771167E4E3}.Release|Any CPU.ActiveCfg = Release|Any CPU
		{FE66B43F-8C9E-43D9-894D-0F771167E4E3}.Release|Any CPU.Build.0 = Release|Any CPU
	EndGlobalSection
	GlobalSection(SolutionProperties) = preSolution
		HideSolutionNode = FALSE
	EndGlobalSection
	GlobalSection(ExtensibilityGlobals) = postSolution
		SolutionGuid = {BAD11C02-4766-46F0-9DBE-094D585CC577}
	EndGlobalSection
EndGlobal
